
Microsoft Visual Studio Solution File, Format Version 12.00
# Visual Studio 15
VisualStudioVersion = 15.0.26430.6
MinimumVisualStudioVersion = 10.0.40219.1
Project("{FAE04EC0-301F-11D3-BF4B-00C04F79EFBC}") = "FolkBok", "FolkBok.csproj", "{6A0BB8AE-5AA6-48C4-89E1-357AB1521E0A}"
EndProject
Global
	GlobalSection(SolutionConfigurationPlatforms) = preSolution
		Debug|Any CPU = Debug|Any CPU
		Debug|Default = Debug|Default
		Release|Any CPU = Release|Any CPU
		Release|Default = Release|Default
	EndGlobalSection
	GlobalSection(ProjectConfigurationPlatforms) = postSolution
		{6A0BB8AE-5AA6-48C4-89E1-357AB1521E0A}.Debug|Any CPU.ActiveCfg = Debug|Any CPU
		{6A0BB8AE-5AA6-48C4-89E1-357AB1521E0A}.Debug|Any CPU.Build.0 = Debug|Any CPU
		{6A0BB8AE-5AA6-48C4-89E1-357AB1521E0A}.Debug|Default.ActiveCfg = Debug|Any CPU
		{6A0BB8AE-5AA6-48C4-89E1-357AB1521E0A}.Release|Any CPU.ActiveCfg = Release|Any CPU
		{6A0BB8AE-5AA6-48C4-89E1-357AB1521E0A}.Release|Any CPU.Build.0 = Release|Any CPU
		{6A0BB8AE-5AA6-48C4-89E1-357AB1521E0A}.Release|Default.ActiveCfg = Release|Any CPU
	EndGlobalSection
	GlobalSection(SolutionProperties) = preSolution
		HideSolutionNode = FALSE
	EndGlobalSection
	GlobalSection(SolutionConfigurationPlatforms) = preSolution
		Debug|Any CPU = Debug|Any CPU
		Release|Any CPU = Release|Any CPU
	EndGlobalSection
EndGlobal
